
Microsoft Visual Studio Solution File, Format Version 12.00
# Visual Studio Version 17
VisualStudioVersion = 17.14.36121.58 d17.14
MinimumVisualStudioVersion = 10.0.40219.1
Project("{FAE04EC0-301F-11D3-BF4B-00C04F79EFBC}") = "RazorPagesMegaDesk", "RazorPagesMegaDesk.csproj", "{762D2CEB-5EF4-4197-B01B-9FF6CC782BFC}"
EndProject
Global
	GlobalSection(SolutionConfigurationPlatforms) = preSolution
		Debug|Any CPU = Debug|Any CPU
		Release|Any CPU = Release|Any CPU
	EndGlobalSection
	GlobalSection(ProjectConfigurationPlatforms) = postSolution
		{762D2CEB-5EF4-4197-B01B-9FF6CC782BFC}.Debug|Any CPU.ActiveCfg = Debug|Any CPU
		{762D2CEB-5EF4-4197-B01B-9FF6CC782BFC}.Debug|Any CPU.Build.0 = Debug|Any CPU
		{762D2CEB-5EF4-4197-B01B-9FF6CC782BFC}.Release|Any CPU.ActiveCfg = Release|Any CPU
		{762D2CEB-5EF4-4197-B01B-9FF6CC782BFC}.Release|Any CPU.Build.0 = Release|Any CPU
	EndGlobalSection
	GlobalSection(SolutionProperties) = preSolution
		HideSolutionNode = FALSE
	EndGlobalSection
	GlobalSection(ExtensibilityGlobals) = postSolution
		SolutionGuid = {11AE1856-EE67-44A3-B99A-988B9B9EA44C}
	EndGlobalSection
EndGlobal
